
Microsoft Visual Studio Solution File, Format Version 12.00
# Visual Studio Version 17
VisualStudioVersion = 17.7.34221.43
MinimumVisualStudioVersion = 10.0.40219.1
Project("{9A19103F-16F7-4668-BE54-9A1E7A4F7556}") = "nuclear", "nuclear.csproj", "{C59A4399-B703-4B59-92F9-BE7C5F7CE7C3}"
EndProject
Global
	GlobalSection(SolutionConfigurationPlatforms) = preSolution
		Debug|Any CPU = Debug|Any CPU
		Release|Any CPU = Release|Any CPU
	EndGlobalSection
	GlobalSection(ProjectConfigurationPlatforms) = postSolution
		{C59A4399-B703-4B59-92F9-BE7C5F7CE7C3}.Debug|Any CPU.ActiveCfg = Debug|Any CPU
		{C59A4399-B703-4B59-92F9-BE7C5F7CE7C3}.Debug|Any CPU.Build.0 = Debug|Any CPU
		{C59A4399-B703-4B59-92F9-BE7C5F7CE7C3}.Release|Any CPU.ActiveCfg = Release|Any CPU
		{C59A4399-B703-4B59-92F9-BE7C5F7CE7C3}.Release|Any CPU.Build.0 = Release|Any CPU
	EndGlobalSection
	GlobalSection(SolutionProperties) = preSolution
		HideSolutionNode = FALSE
	EndGlobalSection
	GlobalSection(ExtensibilityGlobals) = postSolution
		SolutionGuid = {B372416D-76EB-405D-B903-44E67DD6E6BA}
	EndGlobalSection
EndGlobal
